
Microsoft Visual Studio Solution File, Format Version 12.00
Project("{FAE04EC0-301F-11D3-BF4B-00C04F79EFBC}") = "BookingService", "BookingService\BookingService.csproj", "{F7D525C5-7325-4B25-9A83-0223A4F9B4C9}"
EndProject
Project("{FAE04EC0-301F-11D3-BF4B-00C04F79EFBC}") = "CatalogService", "CatalogService\CatalogService.csproj", "{4C1A23FD-08A2-4C9A-AA3F-8B44B7712A14}"
EndProject
Project("{FAE04EC0-301F-11D3-BF4B-00C04F79EFBC}") = "ReviewService", "ReviewService\ReviewService.csproj", "{CD717FB4-D76E-4ABA-B881-B693A4B55258}"
EndProject
Global
	GlobalSection(SolutionConfigurationPlatforms) = preSolution
		Debug|Any CPU = Debug|Any CPU
		Release|Any CPU = Release|Any CPU
	EndGlobalSection
	GlobalSection(ProjectConfigurationPlatforms) = postSolution
		{F7D525C5-7325-4B25-9A83-0223A4F9B4C9}.Debug|Any CPU.ActiveCfg = Debug|Any CPU
		{F7D525C5-7325-4B25-9A83-0223A4F9B4C9}.Debug|Any CPU.Build.0 = Debug|Any CPU
		{F7D525C5-7325-4B25-9A83-0223A4F9B4C9}.Release|Any CPU.ActiveCfg = Release|Any CPU
		{F7D525C5-7325-4B25-9A83-0223A4F9B4C9}.Release|Any CPU.Build.0 = Release|Any CPU
		{4C1A23FD-08A2-4C9A-AA3F-8B44B7712A14}.Debug|Any CPU.ActiveCfg = Debug|Any CPU
		{4C1A23FD-08A2-4C9A-AA3F-8B44B7712A14}.Debug|Any CPU.Build.0 = Debug|Any CPU
		{4C1A23FD-08A2-4C9A-AA3F-8B44B7712A14}.Release|Any CPU.ActiveCfg = Release|Any CPU
		{4C1A23FD-08A2-4C9A-AA3F-8B44B7712A14}.Release|Any CPU.Build.0 = Release|Any CPU
		{CD717FB4-D76E-4ABA-B881-B693A4B55258}.Debug|Any CPU.ActiveCfg = Debug|Any CPU
		{CD717FB4-D76E-4ABA-B881-B693A4B55258}.Debug|Any CPU.Build.0 = Debug|Any CPU
		{CD717FB4-D76E-4ABA-B881-B693A4B55258}.Release|Any CPU.ActiveCfg = Release|Any CPU
		{CD717FB4-D76E-4ABA-B881-B693A4B55258}.Release|Any CPU.Build.0 = Release|Any CPU
	EndGlobalSection
EndGlobal
